
Microsoft Visual Studio Solution File, Format Version 12.00
# Visual Studio 15
VisualStudioVersion = 15.0.27130.2036
MinimumVisualStudioVersion = 10.0.40219.1
Project("{FAE04EC0-301F-11D3-BF4B-00C04F79EFBC}") = "WebApplication3", "WebApplication3\WebApplication3.csproj", "{90E56569-61E9-43D9-8B8C-7A7071FF38BD}"
EndProject
Global
	GlobalSection(SolutionConfigurationPlatforms) = preSolution
		Debug|Any CPU = Debug|Any CPU
		Release|Any CPU = Release|Any CPU
	EndGlobalSection
	GlobalSection(ProjectConfigurationPlatforms) = postSolution
		{90E56569-61E9-43D9-8B8C-7A7071FF38BD}.Debug|Any CPU.ActiveCfg = Debug|Any CPU
		{90E56569-61E9-43D9-8B8C-7A7071FF38BD}.Debug|Any CPU.Build.0 = Debug|Any CPU
		{90E56569-61E9-43D9-8B8C-7A7071FF38BD}.Release|Any CPU.ActiveCfg = Release|Any CPU
		{90E56569-61E9-43D9-8B8C-7A7071FF38BD}.Release|Any CPU.Build.0 = Release|Any CPU
	EndGlobalSection
	GlobalSection(SolutionProperties) = preSolution
		HideSolutionNode = FALSE
	EndGlobalSection
	GlobalSection(ExtensibilityGlobals) = postSolution
		SolutionGuid = {825158A3-FFDF-4C04-A05A-DDF41BD27E38}
	EndGlobalSection
EndGlobal
